
Microsoft Visual Studio Solution File, Format Version 12.00
# Visual Studio Version 17
VisualStudioVersion = 17.13.35825.156 d17.13
MinimumVisualStudioVersion = 10.0.40219.1
Project("{FAE04EC0-301F-11D3-BF4B-00C04F79EFBC}") = "AnzelleStudyGroup", "AnzelleStudyGroup\AnzelleStudyGroup.csproj", "{F5F9A84E-2FFB-4ECA-ABA4-D4429226BE1B}"
EndProject
Global
	GlobalSection(SolutionConfigurationPlatforms) = preSolution
		Debug|Any CPU = Debug|Any CPU
		Release|Any CPU = Release|Any CPU
	EndGlobalSection
	GlobalSection(ProjectConfigurationPlatforms) = postSolution
		{F5F9A84E-2FFB-4ECA-ABA4-D4429226BE1B}.Debug|Any CPU.ActiveCfg = Debug|Any CPU
		{F5F9A84E-2FFB-4ECA-ABA4-D4429226BE1B}.Debug|Any CPU.Build.0 = Debug|Any CPU
		{F5F9A84E-2FFB-4ECA-ABA4-D4429226BE1B}.Release|Any CPU.ActiveCfg = Release|Any CPU
		{F5F9A84E-2FFB-4ECA-ABA4-D4429226BE1B}.Release|Any CPU.Build.0 = Release|Any CPU
	EndGlobalSection
	GlobalSection(SolutionProperties) = preSolution
		HideSolutionNode = FALSE
	EndGlobalSection
	GlobalSection(ExtensibilityGlobals) = postSolution
		SolutionGuid = {881A2C05-A2EF-4A93-9B77-80447FBD3155}
	EndGlobalSection
EndGlobal
